
Microsoft Visual Studio Solution File, Format Version 12.00
# Visual Studio Version 17
VisualStudioVersion = 17.10.34928.147
MinimumVisualStudioVersion = 10.0.40219.1
Project("{FAE04EC0-301F-11D3-BF4B-00C04F79EFBC}") = "Constructor", "Constructor\Constructor.csproj", "{0A7A9CA8-5B93-4939-ABB0-28882B3FF4B6}"
EndProject
Project("{FAE04EC0-301F-11D3-BF4B-00C04F79EFBC}") = "Core", "Core\Core.csproj", "{848690F6-9A67-4141-96B6-55B265D6D969}"
EndProject
Global
	GlobalSection(SolutionConfigurationPlatforms) = preSolution
		Debug|Any CPU = Debug|Any CPU
		Release|Any CPU = Release|Any CPU
	EndGlobalSection
	GlobalSection(ProjectConfigurationPlatforms) = postSolution
		{0A7A9CA8-5B93-4939-ABB0-28882B3FF4B6}.Debug|Any CPU.ActiveCfg = Debug|Any CPU
		{0A7A9CA8-5B93-4939-ABB0-28882B3FF4B6}.Debug|Any CPU.Build.0 = Debug|Any CPU
		{0A7A9CA8-5B93-4939-ABB0-28882B3FF4B6}.Release|Any CPU.ActiveCfg = Release|Any CPU
		{0A7A9CA8-5B93-4939-ABB0-28882B3FF4B6}.Release|Any CPU.Build.0 = Release|Any CPU
		{848690F6-9A67-4141-96B6-55B265D6D969}.Debug|Any CPU.ActiveCfg = Debug|Any CPU
		{848690F6-9A67-4141-96B6-55B265D6D969}.Debug|Any CPU.Build.0 = Debug|Any CPU
		{848690F6-9A67-4141-96B6-55B265D6D969}.Release|Any CPU.ActiveCfg = Release|Any CPU
		{848690F6-9A67-4141-96B6-55B265D6D969}.Release|Any CPU.Build.0 = Release|Any CPU
	EndGlobalSection
	GlobalSection(SolutionProperties) = preSolution
		HideSolutionNode = FALSE
	EndGlobalSection
	GlobalSection(ExtensibilityGlobals) = postSolution
		SolutionGuid = {6C54C6D6-F36A-4760-86CC-D6022CA0E827}
	EndGlobalSection
EndGlobal
